
Microsoft Visual Studio Solution File, Format Version 12.00
# Visual Studio 15
VisualStudioVersion = 15.0.27130.2003
MinimumVisualStudioVersion = 10.0.40219.1
Project("{FAE04EC0-301F-11D3-BF4B-00C04F79EFBC}") = "HomeInsurance", "HomeInsurance\HomeInsurance.csproj", "{F92BFA72-C4BD-498B-AEBA-935A881206FB}"
EndProject
Global
	GlobalSection(SolutionConfigurationPlatforms) = preSolution
		Debug|Any CPU = Debug|Any CPU
		Release|Any CPU = Release|Any CPU
	EndGlobalSection
	GlobalSection(ProjectConfigurationPlatforms) = postSolution
		{F92BFA72-C4BD-498B-AEBA-935A881206FB}.Debug|Any CPU.ActiveCfg = Debug|Any CPU
		{F92BFA72-C4BD-498B-AEBA-935A881206FB}.Debug|Any CPU.Build.0 = Debug|Any CPU
		{F92BFA72-C4BD-498B-AEBA-935A881206FB}.Release|Any CPU.ActiveCfg = Release|Any CPU
		{F92BFA72-C4BD-498B-AEBA-935A881206FB}.Release|Any CPU.Build.0 = Release|Any CPU
	EndGlobalSection
	GlobalSection(SolutionProperties) = preSolution
		HideSolutionNode = FALSE
	EndGlobalSection
	GlobalSection(ExtensibilityGlobals) = postSolution
		SolutionGuid = {51D5D474-7D2A-4306-86F1-1992144C0BF2}
	EndGlobalSection
EndGlobal
